
Microsoft Visual Studio Solution File, Format Version 12.00
# Visual Studio Version 16
VisualStudioVersion = 16.0.29503.13
MinimumVisualStudioVersion = 10.0.40219.1
Project("{9A19103F-16F7-4668-BE54-9A1E7A4F7556}") = "ProjectSucess", "ProjectSucess.csproj", "{F1791DFD-3046-4428-B0CC-4645A5088E8F}"
EndProject
Global
	GlobalSection(SolutionConfigurationPlatforms) = preSolution
		Debug|Any CPU = Debug|Any CPU
		Release|Any CPU = Release|Any CPU
	EndGlobalSection
	GlobalSection(ProjectConfigurationPlatforms) = postSolution
		{F1791DFD-3046-4428-B0CC-4645A5088E8F}.Debug|Any CPU.ActiveCfg = Debug|Any CPU
		{F1791DFD-3046-4428-B0CC-4645A5088E8F}.Debug|Any CPU.Build.0 = Debug|Any CPU
		{F1791DFD-3046-4428-B0CC-4645A5088E8F}.Release|Any CPU.ActiveCfg = Release|Any CPU
		{F1791DFD-3046-4428-B0CC-4645A5088E8F}.Release|Any CPU.Build.0 = Release|Any CPU
	EndGlobalSection
	GlobalSection(SolutionProperties) = preSolution
		HideSolutionNode = FALSE
	EndGlobalSection
	GlobalSection(ExtensibilityGlobals) = postSolution
		SolutionGuid = {3E814E4D-6B5B-4AE1-A5AF-9A7A4CB91B54}
	EndGlobalSection
EndGlobal
